
Microsoft Visual Studio Solution File, Format Version 12.00
# Visual Studio Version 17
VisualStudioVersion = 17.1.32328.378
MinimumVisualStudioVersion = 10.0.40219.1
Project("{9A19103F-16F7-4668-BE54-9A1E7A4F7556}") = "testRepo", "testRepo\testRepo.csproj", "{0578C31F-C472-4A15-B977-EF0FF5C37F5E}"
EndProject
Project("{9A19103F-16F7-4668-BE54-9A1E7A4F7556}") = "class20_06", "20_06\class20_06.csproj", "{B80A01FD-5BEC-4D96-8BB4-B4AC2E6F7C1B}"
EndProject
Project("{9A19103F-16F7-4668-BE54-9A1E7A4F7556}") = "ProductInventoryProjectUsingClasses", "ProductInventoryProjectUsingClasses\ProductInventoryProjectUsingClasses.csproj", "{3F884625-F046-467A-A63C-003BEA6C6D33}"
EndProject
Project("{9A19103F-16F7-4668-BE54-9A1E7A4F7556}") = "ProductInventoryProjectUsingStructures", "ProductInventoryProjectUsingStructures\ProductInventoryProjectUsingStructures.csproj", "{9B1D6EFF-2476-43C1-859E-FC49C7D07FD5}"
EndProject
Project("{9A19103F-16F7-4668-BE54-9A1E7A4F7556}") = "ClassLibraryForHT9", "ClassLibraryForHT9\ClassLibraryForHT9.csproj", "{99FC217F-B97D-48FA-8D5F-E7434EC3C85D}"
EndProject
Project("{9A19103F-16F7-4668-BE54-9A1E7A4F7556}") = "HT14", "HT14\HT14.csproj", "{A6BFD893-6743-4D74-A7A6-C8252EBDD677}"
EndProject
Project("{9A19103F-16F7-4668-BE54-9A1E7A4F7556}") = "HT15", "15\HT15.csproj", "{B782E2CF-76E2-464A-A244-7E516BB799A2}"
EndProject
Project("{9A19103F-16F7-4668-BE54-9A1E7A4F7556}") = "HT13", "HT13\HT13.csproj", "{8236F238-837F-4720-A9D2-345BA5DB32AE}"
EndProject
Project("{9A19103F-16F7-4668-BE54-9A1E7A4F7556}") = "HT12GenTree", "HT12GenTree\HT12GenTree.csproj", "{0F4D9D26-EAAE-4533-AFE9-73D99F9DA26D}"
EndProject
Project("{9A19103F-16F7-4668-BE54-9A1E7A4F7556}") = "TestProjectForHT12", "TestProjectForHT12\TestProjectForHT12.csproj", "{E348AE0E-3A03-40FF-95A4-B675138F5997}"
EndProject
Project("{9A19103F-16F7-4668-BE54-9A1E7A4F7556}") = "HT18", "HT18\HT18.csproj", "{3FE05EF2-B112-4F87-B57E-34DB30B8E19E}"
EndProject
Project("{9A19103F-16F7-4668-BE54-9A1E7A4F7556}") = "WebApi", "WebApi\WebApi.csproj", "{D8D39403-73FE-410D-9056-CB78A0E6F0E6}"
EndProject
Project("{9A19103F-16F7-4668-BE54-9A1E7A4F7556}") = "WebApiDatabase", "WebApiDatabase\WebApiDatabase.csproj", "{D175CD3F-5F69-4197-B2E7-E55370700103}"
EndProject
Global
	GlobalSection(SolutionConfigurationPlatforms) = preSolution
		Debug|Any CPU = Debug|Any CPU
		Release|Any CPU = Release|Any CPU
	EndGlobalSection
	GlobalSection(ProjectConfigurationPlatforms) = postSolution
		{0578C31F-C472-4A15-B977-EF0FF5C37F5E}.Debug|Any CPU.ActiveCfg = Debug|Any CPU
		{0578C31F-C472-4A15-B977-EF0FF5C37F5E}.Debug|Any CPU.Build.0 = Debug|Any CPU
		{0578C31F-C472-4A15-B977-EF0FF5C37F5E}.Release|Any CPU.ActiveCfg = Release|Any CPU
		{0578C31F-C472-4A15-B977-EF0FF5C37F5E}.Release|Any CPU.Build.0 = Release|Any CPU
		{B80A01FD-5BEC-4D96-8BB4-B4AC2E6F7C1B}.Debug|Any CPU.ActiveCfg = Debug|Any CPU
		{B80A01FD-5BEC-4D96-8BB4-B4AC2E6F7C1B}.Debug|Any CPU.Build.0 = Debug|Any CPU
		{B80A01FD-5BEC-4D96-8BB4-B4AC2E6F7C1B}.Release|Any CPU.ActiveCfg = Release|Any CPU
		{B80A01FD-5BEC-4D96-8BB4-B4AC2E6F7C1B}.Release|Any CPU.Build.0 = Release|Any CPU
		{3F884625-F046-467A-A63C-003BEA6C6D33}.Debug|Any CPU.ActiveCfg = Debug|Any CPU
		{3F884625-F046-467A-A63C-003BEA6C6D33}.Debug|Any CPU.Build.0 = Debug|Any CPU
		{3F884625-F046-467A-A63C-003BEA6C6D33}.Release|Any CPU.ActiveCfg = Release|Any CPU
		{3F884625-F046-467A-A63C-003BEA6C6D33}.Release|Any CPU.Build.0 = Release|Any CPU
		{9B1D6EFF-2476-43C1-859E-FC49C7D07FD5}.Debug|Any CPU.ActiveCfg = Debug|Any CPU
		{9B1D6EFF-2476-43C1-859E-FC49C7D07FD5}.Debug|Any CPU.Build.0 = Debug|Any CPU
		{9B1D6EFF-2476-43C1-859E-FC49C7D07FD5}.Release|Any CPU.ActiveCfg = Release|Any CPU
		{9B1D6EFF-2476-43C1-859E-FC49C7D07FD5}.Release|Any CPU.Build.0 = Release|Any CPU
		{99FC217F-B97D-48FA-8D5F-E7434EC3C85D}.Debug|Any CPU.ActiveCfg = Debug|Any CPU
		{99FC217F-B97D-48FA-8D5F-E7434EC3C85D}.Debug|Any CPU.Build.0 = Debug|Any CPU
		{99FC217F-B97D-48FA-8D5F-E7434EC3C85D}.Release|Any CPU.ActiveCfg = Release|Any CPU
		{99FC217F-B97D-48FA-8D5F-E7434EC3C85D}.Release|Any CPU.Build.0 = Release|Any CPU
		{A6BFD893-6743-4D74-A7A6-C8252EBDD677}.Debug|Any CPU.ActiveCfg = Debug|Any CPU
		{A6BFD893-6743-4D74-A7A6-C8252EBDD677}.Debug|Any CPU.Build.0 = Debug|Any CPU
		{A6BFD893-6743-4D74-A7A6-C8252EBDD677}.Release|Any CPU.ActiveCfg = Release|Any CPU
		{A6BFD893-6743-4D74-A7A6-C8252EBDD677}.Release|Any CPU.Build.0 = Release|Any CPU
		{B782E2CF-76E2-464A-A244-7E516BB799A2}.Debug|Any CPU.ActiveCfg = Debug|Any CPU
		{B782E2CF-76E2-464A-A244-7E516BB799A2}.Debug|Any CPU.Build.0 = Debug|Any CPU
		{B782E2CF-76E2-464A-A244-7E516BB799A2}.Release|Any CPU.ActiveCfg = Release|Any CPU
		{B782E2CF-76E2-464A-A244-7E516BB799A2}.Release|Any CPU.Build.0 = Release|Any CPU
		{8236F238-837F-4720-A9D2-345BA5DB32AE}.Debug|Any CPU.ActiveCfg = Debug|Any CPU
		{8236F238-837F-4720-A9D2-345BA5DB32AE}.Debug|Any CPU.Build.0 = Debug|Any CPU
		{8236F238-837F-4720-A9D2-345BA5DB32AE}.Release|Any CPU.ActiveCfg = Release|Any CPU
		{8236F238-837F-4720-A9D2-345BA5DB32AE}.Release|Any CPU.Build.0 = Release|Any CPU
		{0F4D9D26-EAAE-4533-AFE9-73D99F9DA26D}.Debug|Any CPU.ActiveCfg = Debug|Any CPU
		{0F4D9D26-EAAE-4533-AFE9-73D99F9DA26D}.Debug|Any CPU.Build.0 = Debug|Any CPU
		{0F4D9D26-EAAE-4533-AFE9-73D99F9DA26D}.Release|Any CPU.ActiveCfg = Release|Any CPU
		{0F4D9D26-EAAE-4533-AFE9-73D99F9DA26D}.Release|Any CPU.Build.0 = Release|Any CPU
		{E348AE0E-3A03-40FF-95A4-B675138F5997}.Debug|Any CPU.ActiveCfg = Debug|Any CPU
		{E348AE0E-3A03-40FF-95A4-B675138F5997}.Debug|Any CPU.Build.0 = Debug|Any CPU
		{E348AE0E-3A03-40FF-95A4-B675138F5997}.Release|Any CPU.ActiveCfg = Release|Any CPU
		{E348AE0E-3A03-40FF-95A4-B675138F5997}.Release|Any CPU.Build.0 = Release|Any CPU
		{3FE05EF2-B112-4F87-B57E-34DB30B8E19E}.Debug|Any CPU.ActiveCfg = Debug|Any CPU
		{3FE05EF2-B112-4F87-B57E-34DB30B8E19E}.Debug|Any CPU.Build.0 = Debug|Any CPU
		{3FE05EF2-B112-4F87-B57E-34DB30B8E19E}.Release|Any CPU.ActiveCfg = Release|Any CPU
		{3FE05EF2-B112-4F87-B57E-34DB30B8E19E}.Release|Any CPU.Build.0 = Release|Any CPU
		{D8D39403-73FE-410D-9056-CB78A0E6F0E6}.Debug|Any CPU.ActiveCfg = Debug|Any CPU
		{D8D39403-73FE-410D-9056-CB78A0E6F0E6}.Debug|Any CPU.Build.0 = Debug|Any CPU
		{D8D39403-73FE-410D-9056-CB78A0E6F0E6}.Release|Any CPU.ActiveCfg = Release|Any CPU
		{D8D39403-73FE-410D-9056-CB78A0E6F0E6}.Release|Any CPU.Build.0 = Release|Any CPU
		{D175CD3F-5F69-4197-B2E7-E55370700103}.Debug|Any CPU.ActiveCfg = Debug|Any CPU
		{D175CD3F-5F69-4197-B2E7-E55370700103}.Debug|Any CPU.Build.0 = Debug|Any CPU
		{D175CD3F-5F69-4197-B2E7-E55370700103}.Release|Any CPU.ActiveCfg = Release|Any CPU
		{D175CD3F-5F69-4197-B2E7-E55370700103}.Release|Any CPU.Build.0 = Release|Any CPU
	EndGlobalSection
	GlobalSection(SolutionProperties) = preSolution
		HideSolutionNode = FALSE
	EndGlobalSection
	GlobalSection(ExtensibilityGlobals) = postSolution
		SolutionGuid = {F1711865-B4D0-47B7-9B9D-1FC32AF0E667}
	EndGlobalSection
EndGlobal
